Microsoft Visual Studio Solution File, Format Version 12.00
# Visual Studio Version 17
VisualStudioVersion = 17.0.31611.283
MinimumVisualStudioVersion = 10.0.40219.1
Project("{9A19103F-16F7-4668-BE54-9A1E7A4F7556}") = "GreatJorb.UI", "GreatJorb.UI\GreatJorb.UI.csproj", "{724B33CC-FB62-446A-A564-477107037982}"
EndProject
Project("{FAE04EC0-301F-11D3-BF4B-00C04F79EFBC}") = "GreatJorb.Business", "GreatJorb.Business\GreatJorb.Business.csproj", "{1668BC56-8763-4246-B7C3-C69E8E7E7061}"
EndProject
Project("{FAE04EC0-301F-11D3-BF4B-00C04F79EFBC}") = "GreatJorb.Tests", "GreatJorb.Tests\GreatJorb.Tests.csproj", "{655733F8-1696-4E8E-9547-1D3C183B0FC1}"
EndProject
Global
	GlobalSection(SolutionConfigurationPlatforms) = preSolution
		Debug|Any CPU = Debug|Any CPU
		Release|Any CPU = Release|Any CPU
	EndGlobalSection
	GlobalSection(ProjectConfigurationPlatforms) = postSolution
		{724B33CC-FB62-446A-A564-477107037982}.Debug|Any CPU.ActiveCfg = Debug|Any CPU
		{724B33CC-FB62-446A-A564-477107037982}.Debug|Any CPU.Build.0 = Debug|Any CPU
		{724B33CC-FB62-446A-A564-477107037982}.Debug|Any CPU.Deploy.0 = Debug|Any CPU
		{724B33CC-FB62-446A-A564-477107037982}.Release|Any CPU.ActiveCfg = Release|Any CPU
		{724B33CC-FB62-446A-A564-477107037982}.Release|Any CPU.Build.0 = Release|Any CPU
		{724B33CC-FB62-446A-A564-477107037982}.Release|Any CPU.Deploy.0 = Release|Any CPU
		{1668BC56-8763-4246-B7C3-C69E8E7E7061}.Debug|Any CPU.ActiveCfg = Debug|Any CPU
		{1668BC56-8763-4246-B7C3-C69E8E7E7061}.Debug|Any CPU.Build.0 = Debug|Any CPU
		{1668BC56-8763-4246-B7C3-C69E8E7E7061}.Release|Any CPU.ActiveCfg = Release|Any CPU
		{1668BC56-8763-4246-B7C3-C69E8E7E7061}.Release|Any CPU.Build.0 = Release|Any CPU
		{655733F8-1696-4E8E-9547-1D3C183B0FC1}.Debug|Any CPU.ActiveCfg = Debug|Any CPU
		{655733F8-1696-4E8E-9547-1D3C183B0FC1}.Debug|Any CPU.Build.0 = Debug|Any CPU
		{655733F8-1696-4E8E-9547-1D3C183B0FC1}.Release|Any CPU.ActiveCfg = Release|Any CPU
		{655733F8-1696-4E8E-9547-1D3C183B0FC1}.Release|Any CPU.Build.0 = Release|Any CPU
	EndGlobalSection
	GlobalSection(SolutionProperties) = preSolution
		HideSolutionNode = FALSE
	EndGlobalSection
	GlobalSection(ExtensibilityGlobals) = postSolution
		SolutionGuid = {61F7FB11-1E47-470C-91E2-47F8143E1572}
	EndGlobalSection
EndGlobal
